
Microsoft Visual Studio Solution File, Format Version 10.00
# Visual Studio 2008
Project("{8BC9CEB8-8B4A-11D0-8D11-00A0C91BC942}") = "sub96k", "sub96k.vcproj", "{2326CA86-C455-48D8-81CC-1C3EAE398637}"
EndProject
Global
	GlobalSection(SolutionConfigurationPlatforms) = preSolution
		Debug|Win32 = Debug|Win32
		Release|Win32 = Release|Win32
	EndGlobalSection
	GlobalSection(ProjectConfigurationPlatforms) = postSolution
		{2326CA86-C455-48D8-81CC-1C3EAE398637}.Debug|Win32.ActiveCfg = Debug|Win32
		{2326CA86-C455-48D8-81CC-1C3EAE398637}.Debug|Win32.Build.0 = Debug|Win32
		{2326CA86-C455-48D8-81CC-1C3EAE398637}.Release|Win32.ActiveCfg = Release|Win32
		{2326CA86-C455-48D8-81CC-1C3EAE398637}.Release|Win32.Build.0 = Release|Win32
	EndGlobalSection
	GlobalSection(SolutionProperties) = preSolution
		HideSolutionNode = FALSE
	EndGlobalSection
EndGlobal
